
Microsoft Visual Studio Solution File, Format Version 12.00
# Visual Studio 2012
Project("{FAE04EC0-301F-11D3-BF4B-00C04F79EFBC}") = "SalesLogixUserLogins", "SalesLogixUserLogins\SalesLogixUserLogins.csproj", "{EF997C12-7D3B-4A20-8A36-F136BAE92003}"
EndProject
Project("{FAE04EC0-301F-11D3-BF4B-00C04F79EFBC}") = "SalesLogixUserLoginsTests", "SalesLogixUserLoginsTests\SalesLogixUserLoginsTests.csproj", "{54CB94CF-90E1-4991-AFE6-3FDCA564F9F8}"
EndProject
Global
	GlobalSection(SolutionConfigurationPlatforms) = preSolution
		Debug|Any CPU = Debug|Any CPU
		Release|Any CPU = Release|Any CPU
	EndGlobalSection
	GlobalSection(ProjectConfigurationPlatforms) = postSolution
		{EF997C12-7D3B-4A20-8A36-F136BAE92003}.Debug|Any CPU.ActiveCfg = Debug|Any CPU
		{EF997C12-7D3B-4A20-8A36-F136BAE92003}.Debug|Any CPU.Build.0 = Debug|Any CPU
		{EF997C12-7D3B-4A20-8A36-F136BAE92003}.Release|Any CPU.ActiveCfg = Release|Any CPU
		{EF997C12-7D3B-4A20-8A36-F136BAE92003}.Release|Any CPU.Build.0 = Release|Any CPU
		{54CB94CF-90E1-4991-AFE6-3FDCA564F9F8}.Debug|Any CPU.ActiveCfg = Debug|Any CPU
		{54CB94CF-90E1-4991-AFE6-3FDCA564F9F8}.Debug|Any CPU.Build.0 = Debug|Any CPU
		{54CB94CF-90E1-4991-AFE6-3FDCA564F9F8}.Release|Any CPU.ActiveCfg = Release|Any CPU
		{54CB94CF-90E1-4991-AFE6-3FDCA564F9F8}.Release|Any CPU.Build.0 = Release|Any CPU
	EndGlobalSection
	GlobalSection(SolutionProperties) = preSolution
		HideSolutionNode = FALSE
	EndGlobalSection
EndGlobal
